
Microsoft Visual Studio Solution File, Format Version 12.00
# Visual Studio Version 17
VisualStudioVersion = 17.12.35707.178
MinimumVisualStudioVersion = 10.0.40219.1
Project("{FAE04EC0-301F-11D3-BF4B-00C04F79EFBC}") = "IParkingv8", "IParkingv8\IParkingv8.csproj", "{0700C0AD-45E1-441D-9B46-58010FEF6851}"
EndProject
Project("{FAE04EC0-301F-11D3-BF4B-00C04F79EFBC}") = "Kztek.Control8", "Kztek.Control8\Kztek.Control8.csproj", "{B1899B24-B8C5-4209-9D5A-9C6D9AE13719}"
EndProject
Project("{FAE04EC0-301F-11D3-BF4B-00C04F79EFBC}") = "IParkingv8.API", "IParkingv8.API\IParkingv8.API.csproj", "{499D4F9C-DF86-470E-94BB-A4AB7BAC2195}"
EndProject
Project("{FAE04EC0-301F-11D3-BF4B-00C04F79EFBC}") = "iParking.ConfigurationManager", "iParking.ConfigurationManager\iParking.ConfigurationManager.csproj", "{58BADEA8-F25A-4404-A2AB-F057C23CEACB}"
EndProject
Project("{FAE04EC0-301F-11D3-BF4B-00C04F79EFBC}") = "iParkingv8.Auth", "iParkingv8.Auth\iParkingv8.Auth.csproj", "{3F83BA37-19F1-498B-8832-CBABD83F4F74}"
EndProject
Project("{FAE04EC0-301F-11D3-BF4B-00C04F79EFBC}") = "iParkingv8.Object", "iParkingv8.Object\iParkingv8.Object.csproj", "{AA958F71-7749-4536-90A8-F8528CB1D0D9}"
EndProject
Project("{FAE04EC0-301F-11D3-BF4B-00C04F79EFBC}") = "iParkingv8.Ultility", "iParkingv8.Ultility\iParkingv8.Ultility.csproj", "{6735FBAD-0859-4255-820E-3F5C3B601DE9}"
EndProject
Project("{FAE04EC0-301F-11D3-BF4B-00C04F79EFBC}") = "IParkingv8.Printer", "IParkingv8.Printer\IParkingv8.Printer.csproj", "{99DF376C-5C97-4099-9AA2-D812E5769007}"
EndProject
Project("{FAE04EC0-301F-11D3-BF4B-00C04F79EFBC}") = "IParkingv8.Reporting", "IParkingv8.Reporting\IParkingv8.Reporting.csproj", "{F386E765-F1E3-4151-952A-82FCE396C771}"
EndProject
Project("{FAE04EC0-301F-11D3-BF4B-00C04F79EFBC}") = "IParkingv8.Cash", "IParkingv8.Cash\IParkingv8.Cash.csproj", "{7F820FC7-0E6E-4CDE-B76B-00CAB8DA6026}"
EndProject
Project("{FAE04EC0-301F-11D3-BF4B-00C04F79EFBC}") = "IParkingv8.RegisterCard", "IParkingv8.RegisterCard\IParkingv8.RegisterCard.csproj", "{913353A3-E4BB-4F75-9D98-0325F5537991}"
EndProject
Project("{FAE04EC0-301F-11D3-BF4B-00C04F79EFBC}") = "iParkingv5.Lpr", "iParkingv5.Lpr\iParkingv5.Lpr.csproj", "{993366BD-9BD8-9C2F-1C16-1C8476058A23}"
EndProject
Project("{FAE04EC0-301F-11D3-BF4B-00C04F79EFBC}") = "iParkingv5.Controller", "iParkingv5.Controller\iParkingv5.Controller.csproj", "{2B9205FE-33F3-1512-7B4F-2609D164A668}"
EndProject
Project("{FAE04EC0-301F-11D3-BF4B-00C04F79EFBC}") = "IParkingv8.QRScreenController", "IParkingv8.QRScreenController\IParkingv8.QRScreenController.csproj", "{7C47DA70-51BE-4487-97BF-E33EEA15E5C1}"
EndProject
Project("{FAE04EC0-301F-11D3-BF4B-00C04F79EFBC}") = "Kztek.UI", "Kztek.UI\Kztek.UI.csproj", "{B164DF5B-6A89-426D-B82E-BD35BF342972}"
EndProject
Project("{FAE04EC0-301F-11D3-BF4B-00C04F79EFBC}") = "iParkingv5.LedDisplay", "iParkingv5.LedDisplay\iParkingv5.LedDisplay.csproj", "{2D88CA68-79B6-365C-0492-6BFF9B044BA3}"
EndProject
Project("{FAE04EC0-301F-11D3-BF4B-00C04F79EFBC}") = "Kztek.Api", "Kztek.Api\Kztek.Api.csproj", "{51B0D344-B099-1410-B473-CA99AE45772F}"
EndProject
Project("{FAE04EC0-301F-11D3-BF4B-00C04F79EFBC}") = "Kztek.Cameras", "Kztek.Cameras\Kztek.Cameras.csproj", "{1DEE970B-CCC2-B472-1D51-D403278EC052}"
EndProject
Project("{FAE04EC0-301F-11D3-BF4B-00C04F79EFBC}") = "Kztek.Object.Entity", "Kztek.Object.Entity\Kztek.Object.Entity.csproj", "{CBBBA831-FC4E-8707-E653-0334BE654CE1}"
EndProject
Project("{FAE04EC0-301F-11D3-BF4B-00C04F79EFBC}") = "Kztek.Tool", "Kztek.Tool\Kztek.Tool.csproj", "{71F4C15F-43A9-CADF-CC64-1BF7A6AB5540}"
EndProject
Global
	GlobalSection(SolutionConfigurationPlatforms) = preSolution
		Debug|Any CPU = Debug|Any CPU
		Debug|x64 = Debug|x64
		Release|Any CPU = Release|Any CPU
		Release|x64 = Release|x64
	EndGlobalSection
	GlobalSection(ProjectConfigurationPlatforms) = postSolution
		{0700C0AD-45E1-441D-9B46-58010FEF6851}.Debug|Any CPU.ActiveCfg = Debug|Any CPU
		{0700C0AD-45E1-441D-9B46-58010FEF6851}.Debug|Any CPU.Build.0 = Debug|Any CPU
		{0700C0AD-45E1-441D-9B46-58010FEF6851}.Debug|x64.ActiveCfg = Debug|x64
		{0700C0AD-45E1-441D-9B46-58010FEF6851}.Debug|x64.Build.0 = Debug|x64
		{0700C0AD-45E1-441D-9B46-58010FEF6851}.Release|Any CPU.ActiveCfg = Release|Any CPU
		{0700C0AD-45E1-441D-9B46-58010FEF6851}.Release|Any CPU.Build.0 = Release|Any CPU
		{0700C0AD-45E1-441D-9B46-58010FEF6851}.Release|x64.ActiveCfg = Release|x64
		{0700C0AD-45E1-441D-9B46-58010FEF6851}.Release|x64.Build.0 = Release|x64
		{B1899B24-B8C5-4209-9D5A-9C6D9AE13719}.Debug|Any CPU.ActiveCfg = Debug|Any CPU
		{B1899B24-B8C5-4209-9D5A-9C6D9AE13719}.Debug|Any CPU.Build.0 = Debug|Any CPU
		{B1899B24-B8C5-4209-9D5A-9C6D9AE13719}.Debug|x64.ActiveCfg = Debug|Any CPU
		{B1899B24-B8C5-4209-9D5A-9C6D9AE13719}.Debug|x64.Build.0 = Debug|Any CPU
		{B1899B24-B8C5-4209-9D5A-9C6D9AE13719}.Release|Any CPU.ActiveCfg = Release|Any CPU
		{B1899B24-B8C5-4209-9D5A-9C6D9AE13719}.Release|Any CPU.Build.0 = Release|Any CPU
		{B1899B24-B8C5-4209-9D5A-9C6D9AE13719}.Release|x64.ActiveCfg = Release|Any CPU
		{B1899B24-B8C5-4209-9D5A-9C6D9AE13719}.Release|x64.Build.0 = Release|Any CPU
		{499D4F9C-DF86-470E-94BB-A4AB7BAC2195}.Debug|Any CPU.ActiveCfg = Debug|Any CPU
		{499D4F9C-DF86-470E-94BB-A4AB7BAC2195}.Debug|Any CPU.Build.0 = Debug|Any CPU
		{499D4F9C-DF86-470E-94BB-A4AB7BAC2195}.Debug|x64.ActiveCfg = Debug|Any CPU
		{499D4F9C-DF86-470E-94BB-A4AB7BAC2195}.Debug|x64.Build.0 = Debug|Any CPU
		{499D4F9C-DF86-470E-94BB-A4AB7BAC2195}.Release|Any CPU.ActiveCfg = Release|Any CPU
		{499D4F9C-DF86-470E-94BB-A4AB7BAC2195}.Release|Any CPU.Build.0 = Release|Any CPU
		{499D4F9C-DF86-470E-94BB-A4AB7BAC2195}.Release|x64.ActiveCfg = Release|Any CPU
		{499D4F9C-DF86-470E-94BB-A4AB7BAC2195}.Release|x64.Build.0 = Release|Any CPU
		{58BADEA8-F25A-4404-A2AB-F057C23CEACB}.Debug|Any CPU.ActiveCfg = Debug|Any CPU
		{58BADEA8-F25A-4404-A2AB-F057C23CEACB}.Debug|Any CPU.Build.0 = Debug|Any CPU
		{58BADEA8-F25A-4404-A2AB-F057C23CEACB}.Debug|x64.ActiveCfg = Debug|Any CPU
		{58BADEA8-F25A-4404-A2AB-F057C23CEACB}.Debug|x64.Build.0 = Debug|Any CPU
		{58BADEA8-F25A-4404-A2AB-F057C23CEACB}.Release|Any CPU.ActiveCfg = Release|Any CPU
		{58BADEA8-F25A-4404-A2AB-F057C23CEACB}.Release|Any CPU.Build.0 = Release|Any CPU
		{58BADEA8-F25A-4404-A2AB-F057C23CEACB}.Release|x64.ActiveCfg = Release|Any CPU
		{58BADEA8-F25A-4404-A2AB-F057C23CEACB}.Release|x64.Build.0 = Release|Any CPU
		{3F83BA37-19F1-498B-8832-CBABD83F4F74}.Debug|Any CPU.ActiveCfg = Debug|Any CPU
		{3F83BA37-19F1-498B-8832-CBABD83F4F74}.Debug|Any CPU.Build.0 = Debug|Any CPU
		{3F83BA37-19F1-498B-8832-CBABD83F4F74}.Debug|x64.ActiveCfg = Debug|Any CPU
		{3F83BA37-19F1-498B-8832-CBABD83F4F74}.Debug|x64.Build.0 = Debug|Any CPU
		{3F83BA37-19F1-498B-8832-CBABD83F4F74}.Release|Any CPU.ActiveCfg = Release|Any CPU
		{3F83BA37-19F1-498B-8832-CBABD83F4F74}.Release|Any CPU.Build.0 = Release|Any CPU
		{3F83BA37-19F1-498B-8832-CBABD83F4F74}.Release|x64.ActiveCfg = Release|Any CPU
		{3F83BA37-19F1-498B-8832-CBABD83F4F74}.Release|x64.Build.0 = Release|Any CPU
		{AA958F71-7749-4536-90A8-F8528CB1D0D9}.Debug|Any CPU.ActiveCfg = Debug|Any CPU
		{AA958F71-7749-4536-90A8-F8528CB1D0D9}.Debug|Any CPU.Build.0 = Debug|Any CPU
		{AA958F71-7749-4536-90A8-F8528CB1D0D9}.Debug|x64.ActiveCfg = Debug|Any CPU
		{AA958F71-7749-4536-90A8-F8528CB1D0D9}.Debug|x64.Build.0 = Debug|Any CPU
		{AA958F71-7749-4536-90A8-F8528CB1D0D9}.Release|Any CPU.ActiveCfg = Release|Any CPU
		{AA958F71-7749-4536-90A8-F8528CB1D0D9}.Release|Any CPU.Build.0 = Release|Any CPU
		{AA958F71-7749-4536-90A8-F8528CB1D0D9}.Release|x64.ActiveCfg = Release|Any CPU
		{AA958F71-7749-4536-90A8-F8528CB1D0D9}.Release|x64.Build.0 = Release|Any CPU
		{6735FBAD-0859-4255-820E-3F5C3B601DE9}.Debug|Any CPU.ActiveCfg = Debug|Any CPU
		{6735FBAD-0859-4255-820E-3F5C3B601DE9}.Debug|Any CPU.Build.0 = Debug|Any CPU
		{6735FBAD-0859-4255-820E-3F5C3B601DE9}.Debug|x64.ActiveCfg = Debug|Any CPU
		{6735FBAD-0859-4255-820E-3F5C3B601DE9}.Debug|x64.Build.0 = Debug|Any CPU
		{6735FBAD-0859-4255-820E-3F5C3B601DE9}.Release|Any CPU.ActiveCfg = Release|Any CPU
		{6735FBAD-0859-4255-820E-3F5C3B601DE9}.Release|Any CPU.Build.0 = Release|Any CPU
		{6735FBAD-0859-4255-820E-3F5C3B601DE9}.Release|x64.ActiveCfg = Release|Any CPU
		{6735FBAD-0859-4255-820E-3F5C3B601DE9}.Release|x64.Build.0 = Release|Any CPU
		{99DF376C-5C97-4099-9AA2-D812E5769007}.Debug|Any CPU.ActiveCfg = Debug|Any CPU
		{99DF376C-5C97-4099-9AA2-D812E5769007}.Debug|Any CPU.Build.0 = Debug|Any CPU
		{99DF376C-5C97-4099-9AA2-D812E5769007}.Debug|x64.ActiveCfg = Debug|Any CPU
		{99DF376C-5C97-4099-9AA2-D812E5769007}.Debug|x64.Build.0 = Debug|Any CPU
		{99DF376C-5C97-4099-9AA2-D812E5769007}.Release|Any CPU.ActiveCfg = Release|Any CPU
		{99DF376C-5C97-4099-9AA2-D812E5769007}.Release|Any CPU.Build.0 = Release|Any CPU
		{99DF376C-5C97-4099-9AA2-D812E5769007}.Release|x64.ActiveCfg = Release|Any CPU
		{99DF376C-5C97-4099-9AA2-D812E5769007}.Release|x64.Build.0 = Release|Any CPU
		{F386E765-F1E3-4151-952A-82FCE396C771}.Debug|Any CPU.ActiveCfg = Debug|Any CPU
		{F386E765-F1E3-4151-952A-82FCE396C771}.Debug|Any CPU.Build.0 = Debug|Any CPU
		{F386E765-F1E3-4151-952A-82FCE396C771}.Debug|x64.ActiveCfg = Debug|Any CPU
		{F386E765-F1E3-4151-952A-82FCE396C771}.Debug|x64.Build.0 = Debug|Any CPU
		{F386E765-F1E3-4151-952A-82FCE396C771}.Release|Any CPU.ActiveCfg = Release|Any CPU
		{F386E765-F1E3-4151-952A-82FCE396C771}.Release|Any CPU.Build.0 = Release|Any CPU
		{F386E765-F1E3-4151-952A-82FCE396C771}.Release|x64.ActiveCfg = Release|Any CPU
		{F386E765-F1E3-4151-952A-82FCE396C771}.Release|x64.Build.0 = Release|Any CPU
		{7F820FC7-0E6E-4CDE-B76B-00CAB8DA6026}.Debug|Any CPU.ActiveCfg = Debug|Any CPU
		{7F820FC7-0E6E-4CDE-B76B-00CAB8DA6026}.Debug|Any CPU.Build.0 = Debug|Any CPU
		{7F820FC7-0E6E-4CDE-B76B-00CAB8DA6026}.Debug|x64.ActiveCfg = Debug|Any CPU
		{7F820FC7-0E6E-4CDE-B76B-00CAB8DA6026}.Debug|x64.Build.0 = Debug|Any CPU
		{7F820FC7-0E6E-4CDE-B76B-00CAB8DA6026}.Release|Any CPU.ActiveCfg = Release|Any CPU
		{7F820FC7-0E6E-4CDE-B76B-00CAB8DA6026}.Release|Any CPU.Build.0 = Release|Any CPU
		{7F820FC7-0E6E-4CDE-B76B-00CAB8DA6026}.Release|x64.ActiveCfg = Release|Any CPU
		{7F820FC7-0E6E-4CDE-B76B-00CAB8DA6026}.Release|x64.Build.0 = Release|Any CPU
		{913353A3-E4BB-4F75-9D98-0325F5537991}.Debug|Any CPU.ActiveCfg = Debug|Any CPU
		{913353A3-E4BB-4F75-9D98-0325F5537991}.Debug|Any CPU.Build.0 = Debug|Any CPU
		{913353A3-E4BB-4F75-9D98-0325F5537991}.Debug|x64.ActiveCfg = Debug|Any CPU
		{913353A3-E4BB-4F75-9D98-0325F5537991}.Debug|x64.Build.0 = Debug|Any CPU
		{913353A3-E4BB-4F75-9D98-0325F5537991}.Release|Any CPU.ActiveCfg = Release|Any CPU
		{913353A3-E4BB-4F75-9D98-0325F5537991}.Release|Any CPU.Build.0 = Release|Any CPU
		{913353A3-E4BB-4F75-9D98-0325F5537991}.Release|x64.ActiveCfg = Release|Any CPU
		{913353A3-E4BB-4F75-9D98-0325F5537991}.Release|x64.Build.0 = Release|Any CPU
		{993366BD-9BD8-9C2F-1C16-1C8476058A23}.Debug|Any CPU.ActiveCfg = Debug|x64
		{993366BD-9BD8-9C2F-1C16-1C8476058A23}.Debug|Any CPU.Build.0 = Debug|x64
		{993366BD-9BD8-9C2F-1C16-1C8476058A23}.Debug|x64.ActiveCfg = Debug|x64
		{993366BD-9BD8-9C2F-1C16-1C8476058A23}.Debug|x64.Build.0 = Debug|x64
		{993366BD-9BD8-9C2F-1C16-1C8476058A23}.Release|Any CPU.ActiveCfg = Release|x64
		{993366BD-9BD8-9C2F-1C16-1C8476058A23}.Release|Any CPU.Build.0 = Release|x64
		{993366BD-9BD8-9C2F-1C16-1C8476058A23}.Release|x64.ActiveCfg = Release|x64
		{993366BD-9BD8-9C2F-1C16-1C8476058A23}.Release|x64.Build.0 = Release|x64
		{2B9205FE-33F3-1512-7B4F-2609D164A668}.Debug|Any CPU.ActiveCfg = Debug|x64
		{2B9205FE-33F3-1512-7B4F-2609D164A668}.Debug|Any CPU.Build.0 = Debug|x64
		{2B9205FE-33F3-1512-7B4F-2609D164A668}.Debug|x64.ActiveCfg = Debug|x64
		{2B9205FE-33F3-1512-7B4F-2609D164A668}.Debug|x64.Build.0 = Debug|x64
		{2B9205FE-33F3-1512-7B4F-2609D164A668}.Release|Any CPU.ActiveCfg = Release|x64
		{2B9205FE-33F3-1512-7B4F-2609D164A668}.Release|Any CPU.Build.0 = Release|x64
		{2B9205FE-33F3-1512-7B4F-2609D164A668}.Release|x64.ActiveCfg = Release|x64
		{2B9205FE-33F3-1512-7B4F-2609D164A668}.Release|x64.Build.0 = Release|x64
		{7C47DA70-51BE-4487-97BF-E33EEA15E5C1}.Debug|Any CPU.ActiveCfg = Debug|Any CPU
		{7C47DA70-51BE-4487-97BF-E33EEA15E5C1}.Debug|Any CPU.Build.0 = Debug|Any CPU
		{7C47DA70-51BE-4487-97BF-E33EEA15E5C1}.Debug|x64.ActiveCfg = Debug|Any CPU
		{7C47DA70-51BE-4487-97BF-E33EEA15E5C1}.Debug|x64.Build.0 = Debug|Any CPU
		{7C47DA70-51BE-4487-97BF-E33EEA15E5C1}.Release|Any CPU.ActiveCfg = Release|Any CPU
		{7C47DA70-51BE-4487-97BF-E33EEA15E5C1}.Release|Any CPU.Build.0 = Release|Any CPU
		{7C47DA70-51BE-4487-97BF-E33EEA15E5C1}.Release|x64.ActiveCfg = Release|Any CPU
		{7C47DA70-51BE-4487-97BF-E33EEA15E5C1}.Release|x64.Build.0 = Release|Any CPU
		{B164DF5B-6A89-426D-B82E-BD35BF342972}.Debug|Any CPU.ActiveCfg = Debug|Any CPU
		{B164DF5B-6A89-426D-B82E-BD35BF342972}.Debug|Any CPU.Build.0 = Debug|Any CPU
		{B164DF5B-6A89-426D-B82E-BD35BF342972}.Debug|x64.ActiveCfg = Debug|Any CPU
		{B164DF5B-6A89-426D-B82E-BD35BF342972}.Debug|x64.Build.0 = Debug|Any CPU
		{B164DF5B-6A89-426D-B82E-BD35BF342972}.Release|Any CPU.ActiveCfg = Release|Any CPU
		{B164DF5B-6A89-426D-B82E-BD35BF342972}.Release|Any CPU.Build.0 = Release|Any CPU
		{B164DF5B-6A89-426D-B82E-BD35BF342972}.Release|x64.ActiveCfg = Release|Any CPU
		{B164DF5B-6A89-426D-B82E-BD35BF342972}.Release|x64.Build.0 = Release|Any CPU
		{2D88CA68-79B6-365C-0492-6BFF9B044BA3}.Debug|Any CPU.ActiveCfg = Debug|x64
		{2D88CA68-79B6-365C-0492-6BFF9B044BA3}.Debug|Any CPU.Build.0 = Debug|x64
		{2D88CA68-79B6-365C-0492-6BFF9B044BA3}.Debug|x64.ActiveCfg = Debug|x64
		{2D88CA68-79B6-365C-0492-6BFF9B044BA3}.Debug|x64.Build.0 = Debug|x64
		{2D88CA68-79B6-365C-0492-6BFF9B044BA3}.Release|Any CPU.ActiveCfg = Release|x64
		{2D88CA68-79B6-365C-0492-6BFF9B044BA3}.Release|Any CPU.Build.0 = Release|x64
		{2D88CA68-79B6-365C-0492-6BFF9B044BA3}.Release|x64.ActiveCfg = Release|x64
		{2D88CA68-79B6-365C-0492-6BFF9B044BA3}.Release|x64.Build.0 = Release|x64
		{51B0D344-B099-1410-B473-CA99AE45772F}.Debug|Any CPU.ActiveCfg = Debug|x64
		{51B0D344-B099-1410-B473-CA99AE45772F}.Debug|Any CPU.Build.0 = Debug|x64
		{51B0D344-B099-1410-B473-CA99AE45772F}.Debug|x64.ActiveCfg = Debug|x64
		{51B0D344-B099-1410-B473-CA99AE45772F}.Debug|x64.Build.0 = Debug|x64
		{51B0D344-B099-1410-B473-CA99AE45772F}.Release|Any CPU.ActiveCfg = Release|x64
		{51B0D344-B099-1410-B473-CA99AE45772F}.Release|Any CPU.Build.0 = Release|x64
		{51B0D344-B099-1410-B473-CA99AE45772F}.Release|x64.ActiveCfg = Release|x64
		{51B0D344-B099-1410-B473-CA99AE45772F}.Release|x64.Build.0 = Release|x64
		{1DEE970B-CCC2-B472-1D51-D403278EC052}.Debug|Any CPU.ActiveCfg = Debug|x64
		{1DEE970B-CCC2-B472-1D51-D403278EC052}.Debug|Any CPU.Build.0 = Debug|x64
		{1DEE970B-CCC2-B472-1D51-D403278EC052}.Debug|x64.ActiveCfg = Debug|x64
		{1DEE970B-CCC2-B472-1D51-D403278EC052}.Debug|x64.Build.0 = Debug|x64
		{1DEE970B-CCC2-B472-1D51-D403278EC052}.Release|Any CPU.ActiveCfg = Release|x64
		{1DEE970B-CCC2-B472-1D51-D403278EC052}.Release|Any CPU.Build.0 = Release|x64
		{1DEE970B-CCC2-B472-1D51-D403278EC052}.Release|x64.ActiveCfg = Release|x64
		{1DEE970B-CCC2-B472-1D51-D403278EC052}.Release|x64.Build.0 = Release|x64
		{CBBBA831-FC4E-8707-E653-0334BE654CE1}.Debug|Any CPU.ActiveCfg = Debug|x64
		{CBBBA831-FC4E-8707-E653-0334BE654CE1}.Debug|Any CPU.Build.0 = Debug|x64
		{CBBBA831-FC4E-8707-E653-0334BE654CE1}.Debug|x64.ActiveCfg = Debug|x64
		{CBBBA831-FC4E-8707-E653-0334BE654CE1}.Debug|x64.Build.0 = Debug|x64
		{CBBBA831-FC4E-8707-E653-0334BE654CE1}.Release|Any CPU.ActiveCfg = Release|x64
		{CBBBA831-FC4E-8707-E653-0334BE654CE1}.Release|Any CPU.Build.0 = Release|x64
		{CBBBA831-FC4E-8707-E653-0334BE654CE1}.Release|x64.ActiveCfg = Release|x64
		{CBBBA831-FC4E-8707-E653-0334BE654CE1}.Release|x64.Build.0 = Release|x64
		{71F4C15F-43A9-CADF-CC64-1BF7A6AB5540}.Debug|Any CPU.ActiveCfg = Debug|x64
		{71F4C15F-43A9-CADF-CC64-1BF7A6AB5540}.Debug|Any CPU.Build.0 = Debug|x64
		{71F4C15F-43A9-CADF-CC64-1BF7A6AB5540}.Debug|x64.ActiveCfg = Debug|x64
		{71F4C15F-43A9-CADF-CC64-1BF7A6AB5540}.Debug|x64.Build.0 = Debug|x64
		{71F4C15F-43A9-CADF-CC64-1BF7A6AB5540}.Release|Any CPU.ActiveCfg = Release|x64
		{71F4C15F-43A9-CADF-CC64-1BF7A6AB5540}.Release|Any CPU.Build.0 = Release|x64
		{71F4C15F-43A9-CADF-CC64-1BF7A6AB5540}.Release|x64.ActiveCfg = Release|x64
		{71F4C15F-43A9-CADF-CC64-1BF7A6AB5540}.Release|x64.Build.0 = Release|x64
	EndGlobalSection
	GlobalSection(SolutionProperties) = preSolution
		HideSolutionNode = FALSE
	EndGlobalSection
	GlobalSection(ExtensibilityGlobals) = postSolution
		SolutionGuid = {A23ADA7F-4382-45A6-89EE-BB537C300A36}
	EndGlobalSection
EndGlobal
