
Microsoft Visual Studio Solution File, Format Version 12.00
# Visual Studio Version 17
VisualStudioVersion = 17.12.35707.178
MinimumVisualStudioVersion = 10.0.40219.1
Project("{FAE04EC0-301F-11D3-BF4B-00C04F79EFBC}") = "IParkingv8", "IParkingv8\IParkingv8.csproj", "{0700C0AD-45E1-441D-9B46-58010FEF6851}"
EndProject
Project("{FAE04EC0-301F-11D3-BF4B-00C04F79EFBC}") = "Kztek.Control8", "Kztek.Control8\Kztek.Control8.csproj", "{B1899B24-B8C5-4209-9D5A-9C6D9AE13719}"
EndProject
Project("{FAE04EC0-301F-11D3-BF4B-00C04F79EFBC}") = "IParkingv8.API", "IParkingv8.API\IParkingv8.API.csproj", "{499D4F9C-DF86-470E-94BB-A4AB7BAC2195}"
EndProject
Project("{FAE04EC0-301F-11D3-BF4B-00C04F79EFBC}") = "iParking.ConfigurationManager", "iParking.ConfigurationManager\iParking.ConfigurationManager.csproj", "{58BADEA8-F25A-4404-A2AB-F057C23CEACB}"
EndProject
Project("{FAE04EC0-301F-11D3-BF4B-00C04F79EFBC}") = "iParkingv8.Auth", "iParkingv8.Auth\iParkingv8.Auth.csproj", "{3F83BA37-19F1-498B-8832-CBABD83F4F74}"
EndProject
Project("{FAE04EC0-301F-11D3-BF4B-00C04F79EFBC}") = "iParkingv8.Object", "iParkingv8.Object\iParkingv8.Object.csproj", "{AA958F71-7749-4536-90A8-F8528CB1D0D9}"
EndProject
Project("{FAE04EC0-301F-11D3-BF4B-00C04F79EFBC}") = "iParkingv8.Ultility", "iParkingv8.Ultility\iParkingv8.Ultility.csproj", "{6735FBAD-0859-4255-820E-3F5C3B601DE9}"
EndProject
Project("{FAE04EC0-301F-11D3-BF4B-00C04F79EFBC}") = "IParkingv8.Printer", "IParkingv8.Printer\IParkingv8.Printer.csproj", "{99DF376C-5C97-4099-9AA2-D812E5769007}"
EndProject
Project("{FAE04EC0-301F-11D3-BF4B-00C04F79EFBC}") = "IParkingv8.Reporting", "IParkingv8.Reporting\IParkingv8.Reporting.csproj", "{F386E765-F1E3-4151-952A-82FCE396C771}"
EndProject
Project("{FAE04EC0-301F-11D3-BF4B-00C04F79EFBC}") = "WinFormsApp1", "WinFormsApp1\WinFormsApp1.csproj", "{302D6EB1-7650-4B7E-BE72-974599CC324A}"
EndProject
Project("{FAE04EC0-301F-11D3-BF4B-00C04F79EFBC}") = "ILedv8", "ILedv8\ILedv8.csproj", "{2657057E-34AE-42FB-895B-36AFE53800C8}"
EndProject
Project("{FAE04EC0-301F-11D3-BF4B-00C04F79EFBC}") = "IParkingv8.Cash", "IParkingv8.Cash\IParkingv8.Cash.csproj", "{7F820FC7-0E6E-4CDE-B76B-00CAB8DA6026}"
EndProject
Project("{FAE04EC0-301F-11D3-BF4B-00C04F79EFBC}") = "IParkingv8.RegisterCard", "IParkingv8.RegisterCard\IParkingv8.RegisterCard.csproj", "{913353A3-E4BB-4F75-9D98-0325F5537991}"
EndProject
Project("{FAE04EC0-301F-11D3-BF4B-00C04F79EFBC}") = "KztekLprDetectionTest", "KztekLprDetectionTest\KztekLprDetectionTest.csproj", "{8952DE4C-2951-432E-8CA2-13206F54ADE0}"
EndProject
Project("{FAE04EC0-301F-11D3-BF4B-00C04F79EFBC}") = "TestCash", "TestCash\TestCash.csproj", "{1802C433-9A73-40C4-A228-7218AC87B7D2}"
EndProject
Project("{FAE04EC0-301F-11D3-BF4B-00C04F79EFBC}") = "Voucher.Apply", "Voucher.Apply\Voucher.Apply.csproj", "{2AFC63F4-E0CE-476E-A288-1366EBD31C3C}"
EndProject
Project("{FAE04EC0-301F-11D3-BF4B-00C04F79EFBC}") = "iParkingv5.Lpr", "iParkingv5.Lpr\iParkingv5.Lpr.csproj", "{993366BD-9BD8-9C2F-1C16-1C8476058A23}"
EndProject
Project("{FAE04EC0-301F-11D3-BF4B-00C04F79EFBC}") = "iParkingv5.Controller", "iParkingv5.Controller\iParkingv5.Controller.csproj", "{2B9205FE-33F3-1512-7B4F-2609D164A668}"
EndProject
Project("{FAE04EC0-301F-11D3-BF4B-00C04F79EFBC}") = "iParkingv5.LedDisplay", "iParkingv5.LedDisplay\iParkingv5.LedDisplay.csproj", "{2D88CA68-79B6-365C-0492-6BFF9B044BA3}"
EndProject
Project("{FAE04EC0-301F-11D3-BF4B-00C04F79EFBC}") = "IParkingv8.QRScreenController", "IParkingv8.QRScreenController\IParkingv8.QRScreenController.csproj", "{7C47DA70-51BE-4487-97BF-E33EEA15E5C1}"
EndProject
Project("{FAE04EC0-301F-11D3-BF4B-00C04F79EFBC}") = "ControllerTool", "ControllerTool\ControllerTool.csproj", "{3335BFF2-59E5-BDC1-06E5-8A6F91A2AD3B}"
EndProject
Project("{FAE04EC0-301F-11D3-BF4B-00C04F79EFBC}") = "Kztek.UI", "Kztek.UI\Kztek.UI.csproj", "{B164DF5B-6A89-426D-B82E-BD35BF342972}"
EndProject
Project("{FAE04EC0-301F-11D3-BF4B-00C04F79EFBC}") = "Kztek.Tool", "..\..\..\..\0.BaseLIB\Kztek.Tool\Kztek.Tool\1.Source\Kztek.Tool\Kztek.Tool.csproj", "{A0DBF403-7493-5B4A-86BC-52B5D68F24EF}"
EndProject
Project("{FAE04EC0-301F-11D3-BF4B-00C04F79EFBC}") = "Kztek.Object.Entity", "..\..\..\..\0.BaseLIB\Kztek.Object\Kztek.Object\1.Source\Kztek.Object.Entity\Kztek.Object.Entity.csproj", "{7A78B779-3099-E923-9E0E-232AB5368CED}"
EndProject
Project("{FAE04EC0-301F-11D3-BF4B-00C04F79EFBC}") = "Kztek.Api", "..\..\..\..\0.BaseLIB\Kztek.API\1.Main\Kztek.API\1.Source\Kztek.Api\Kztek.Api.csproj", "{446662B6-0492-BDB2-884E-B0CFC2984B28}"
EndProject
Project("{FAE04EC0-301F-11D3-BF4B-00C04F79EFBC}") = "WinFormsApp3", "WinFormsApp3\WinFormsApp3.csproj", "{6F33B6B1-7E52-4E8E-AC3D-4A4DE555F9B5}"
EndProject
Project("{FAE04EC0-301F-11D3-BF4B-00C04F79EFBC}") = "Kztek.Cameras", "..\..\..\..\0.BaseLIB\Kztek.Camera\Kztek.Camera\1.Source\Kztek.Cameras\Kztek.Cameras.csproj", "{C9926320-AC5A-3D7F-7B63-E1D8C9F81794}"
EndProject
Global
	GlobalSection(SolutionConfigurationPlatforms) = preSolution
		Debug|Any CPU = Debug|Any CPU
		Debug|x64 = Debug|x64
		Release|Any CPU = Release|Any CPU
		Release|x64 = Release|x64
	EndGlobalSection
	GlobalSection(ProjectConfigurationPlatforms) = postSolution
		{0700C0AD-45E1-441D-9B46-58010FEF6851}.Debug|Any CPU.ActiveCfg = Debug|Any CPU
		{0700C0AD-45E1-441D-9B46-58010FEF6851}.Debug|Any CPU.Build.0 = Debug|Any CPU
		{0700C0AD-45E1-441D-9B46-58010FEF6851}.Debug|x64.ActiveCfg = Debug|x64
		{0700C0AD-45E1-441D-9B46-58010FEF6851}.Debug|x64.Build.0 = Debug|x64
		{0700C0AD-45E1-441D-9B46-58010FEF6851}.Release|Any CPU.ActiveCfg = Release|Any CPU
		{0700C0AD-45E1-441D-9B46-58010FEF6851}.Release|Any CPU.Build.0 = Release|Any CPU
		{0700C0AD-45E1-441D-9B46-58010FEF6851}.Release|x64.ActiveCfg = Release|x64
		{0700C0AD-45E1-441D-9B46-58010FEF6851}.Release|x64.Build.0 = Release|x64
		{B1899B24-B8C5-4209-9D5A-9C6D9AE13719}.Debug|Any CPU.ActiveCfg = Debug|Any CPU
		{B1899B24-B8C5-4209-9D5A-9C6D9AE13719}.Debug|Any CPU.Build.0 = Debug|Any CPU
		{B1899B24-B8C5-4209-9D5A-9C6D9AE13719}.Debug|x64.ActiveCfg = Debug|Any CPU
		{B1899B24-B8C5-4209-9D5A-9C6D9AE13719}.Debug|x64.Build.0 = Debug|Any CPU
		{B1899B24-B8C5-4209-9D5A-9C6D9AE13719}.Release|Any CPU.ActiveCfg = Release|Any CPU
		{B1899B24-B8C5-4209-9D5A-9C6D9AE13719}.Release|Any CPU.Build.0 = Release|Any CPU
		{B1899B24-B8C5-4209-9D5A-9C6D9AE13719}.Release|x64.ActiveCfg = Release|Any CPU
		{B1899B24-B8C5-4209-9D5A-9C6D9AE13719}.Release|x64.Build.0 = Release|Any CPU
		{499D4F9C-DF86-470E-94BB-A4AB7BAC2195}.Debug|Any CPU.ActiveCfg = Debug|Any CPU
		{499D4F9C-DF86-470E-94BB-A4AB7BAC2195}.Debug|Any CPU.Build.0 = Debug|Any CPU
		{499D4F9C-DF86-470E-94BB-A4AB7BAC2195}.Debug|x64.ActiveCfg = Debug|Any CPU
		{499D4F9C-DF86-470E-94BB-A4AB7BAC2195}.Debug|x64.Build.0 = Debug|Any CPU
		{499D4F9C-DF86-470E-94BB-A4AB7BAC2195}.Release|Any CPU.ActiveCfg = Release|Any CPU
		{499D4F9C-DF86-470E-94BB-A4AB7BAC2195}.Release|Any CPU.Build.0 = Release|Any CPU
		{499D4F9C-DF86-470E-94BB-A4AB7BAC2195}.Release|x64.ActiveCfg = Release|Any CPU
		{499D4F9C-DF86-470E-94BB-A4AB7BAC2195}.Release|x64.Build.0 = Release|Any CPU
		{58BADEA8-F25A-4404-A2AB-F057C23CEACB}.Debug|Any CPU.ActiveCfg = Debug|Any CPU
		{58BADEA8-F25A-4404-A2AB-F057C23CEACB}.Debug|Any CPU.Build.0 = Debug|Any CPU
		{58BADEA8-F25A-4404-A2AB-F057C23CEACB}.Debug|x64.ActiveCfg = Debug|Any CPU
		{58BADEA8-F25A-4404-A2AB-F057C23CEACB}.Debug|x64.Build.0 = Debug|Any CPU
		{58BADEA8-F25A-4404-A2AB-F057C23CEACB}.Release|Any CPU.ActiveCfg = Release|Any CPU
		{58BADEA8-F25A-4404-A2AB-F057C23CEACB}.Release|Any CPU.Build.0 = Release|Any CPU
		{58BADEA8-F25A-4404-A2AB-F057C23CEACB}.Release|x64.ActiveCfg = Release|Any CPU
		{58BADEA8-F25A-4404-A2AB-F057C23CEACB}.Release|x64.Build.0 = Release|Any CPU
		{3F83BA37-19F1-498B-8832-CBABD83F4F74}.Debug|Any CPU.ActiveCfg = Debug|Any CPU
		{3F83BA37-19F1-498B-8832-CBABD83F4F74}.Debug|Any CPU.Build.0 = Debug|Any CPU
		{3F83BA37-19F1-498B-8832-CBABD83F4F74}.Debug|x64.ActiveCfg = Debug|Any CPU
		{3F83BA37-19F1-498B-8832-CBABD83F4F74}.Debug|x64.Build.0 = Debug|Any CPU
		{3F83BA37-19F1-498B-8832-CBABD83F4F74}.Release|Any CPU.ActiveCfg = Release|Any CPU
		{3F83BA37-19F1-498B-8832-CBABD83F4F74}.Release|Any CPU.Build.0 = Release|Any CPU
		{3F83BA37-19F1-498B-8832-CBABD83F4F74}.Release|x64.ActiveCfg = Release|Any CPU
		{3F83BA37-19F1-498B-8832-CBABD83F4F74}.Release|x64.Build.0 = Release|Any CPU
		{AA958F71-7749-4536-90A8-F8528CB1D0D9}.Debug|Any CPU.ActiveCfg = Debug|Any CPU
		{AA958F71-7749-4536-90A8-F8528CB1D0D9}.Debug|Any CPU.Build.0 = Debug|Any CPU
		{AA958F71-7749-4536-90A8-F8528CB1D0D9}.Debug|x64.ActiveCfg = Debug|Any CPU
		{AA958F71-7749-4536-90A8-F8528CB1D0D9}.Debug|x64.Build.0 = Debug|Any CPU
		{AA958F71-7749-4536-90A8-F8528CB1D0D9}.Release|Any CPU.ActiveCfg = Release|Any CPU
		{AA958F71-7749-4536-90A8-F8528CB1D0D9}.Release|Any CPU.Build.0 = Release|Any CPU
		{AA958F71-7749-4536-90A8-F8528CB1D0D9}.Release|x64.ActiveCfg = Release|Any CPU
		{AA958F71-7749-4536-90A8-F8528CB1D0D9}.Release|x64.Build.0 = Release|Any CPU
		{6735FBAD-0859-4255-820E-3F5C3B601DE9}.Debug|Any CPU.ActiveCfg = Debug|Any CPU
		{6735FBAD-0859-4255-820E-3F5C3B601DE9}.Debug|Any CPU.Build.0 = Debug|Any CPU
		{6735FBAD-0859-4255-820E-3F5C3B601DE9}.Debug|x64.ActiveCfg = Debug|Any CPU
		{6735FBAD-0859-4255-820E-3F5C3B601DE9}.Debug|x64.Build.0 = Debug|Any CPU
		{6735FBAD-0859-4255-820E-3F5C3B601DE9}.Release|Any CPU.ActiveCfg = Release|Any CPU
		{6735FBAD-0859-4255-820E-3F5C3B601DE9}.Release|Any CPU.Build.0 = Release|Any CPU
		{6735FBAD-0859-4255-820E-3F5C3B601DE9}.Release|x64.ActiveCfg = Release|Any CPU
		{6735FBAD-0859-4255-820E-3F5C3B601DE9}.Release|x64.Build.0 = Release|Any CPU
		{99DF376C-5C97-4099-9AA2-D812E5769007}.Debug|Any CPU.ActiveCfg = Debug|Any CPU
		{99DF376C-5C97-4099-9AA2-D812E5769007}.Debug|Any CPU.Build.0 = Debug|Any CPU
		{99DF376C-5C97-4099-9AA2-D812E5769007}.Debug|x64.ActiveCfg = Debug|Any CPU
		{99DF376C-5C97-4099-9AA2-D812E5769007}.Debug|x64.Build.0 = Debug|Any CPU
		{99DF376C-5C97-4099-9AA2-D812E5769007}.Release|Any CPU.ActiveCfg = Release|Any CPU
		{99DF376C-5C97-4099-9AA2-D812E5769007}.Release|Any CPU.Build.0 = Release|Any CPU
		{99DF376C-5C97-4099-9AA2-D812E5769007}.Release|x64.ActiveCfg = Release|Any CPU
		{99DF376C-5C97-4099-9AA2-D812E5769007}.Release|x64.Build.0 = Release|Any CPU
		{F386E765-F1E3-4151-952A-82FCE396C771}.Debug|Any CPU.ActiveCfg = Debug|Any CPU
		{F386E765-F1E3-4151-952A-82FCE396C771}.Debug|Any CPU.Build.0 = Debug|Any CPU
		{F386E765-F1E3-4151-952A-82FCE396C771}.Debug|x64.ActiveCfg = Debug|Any CPU
		{F386E765-F1E3-4151-952A-82FCE396C771}.Debug|x64.Build.0 = Debug|Any CPU
		{F386E765-F1E3-4151-952A-82FCE396C771}.Release|Any CPU.ActiveCfg = Release|Any CPU
		{F386E765-F1E3-4151-952A-82FCE396C771}.Release|Any CPU.Build.0 = Release|Any CPU
		{F386E765-F1E3-4151-952A-82FCE396C771}.Release|x64.ActiveCfg = Release|Any CPU
		{F386E765-F1E3-4151-952A-82FCE396C771}.Release|x64.Build.0 = Release|Any CPU
		{302D6EB1-7650-4B7E-BE72-974599CC324A}.Debug|Any CPU.ActiveCfg = Debug|Any CPU
		{302D6EB1-7650-4B7E-BE72-974599CC324A}.Debug|Any CPU.Build.0 = Debug|Any CPU
		{302D6EB1-7650-4B7E-BE72-974599CC324A}.Debug|x64.ActiveCfg = Debug|Any CPU
		{302D6EB1-7650-4B7E-BE72-974599CC324A}.Debug|x64.Build.0 = Debug|Any CPU
		{302D6EB1-7650-4B7E-BE72-974599CC324A}.Release|Any CPU.ActiveCfg = Release|Any CPU
		{302D6EB1-7650-4B7E-BE72-974599CC324A}.Release|Any CPU.Build.0 = Release|Any CPU
		{302D6EB1-7650-4B7E-BE72-974599CC324A}.Release|x64.ActiveCfg = Release|Any CPU
		{302D6EB1-7650-4B7E-BE72-974599CC324A}.Release|x64.Build.0 = Release|Any CPU
		{2657057E-34AE-42FB-895B-36AFE53800C8}.Debug|Any CPU.ActiveCfg = Debug|Any CPU
		{2657057E-34AE-42FB-895B-36AFE53800C8}.Debug|Any CPU.Build.0 = Debug|Any CPU
		{2657057E-34AE-42FB-895B-36AFE53800C8}.Debug|x64.ActiveCfg = Debug|Any CPU
		{2657057E-34AE-42FB-895B-36AFE53800C8}.Debug|x64.Build.0 = Debug|Any CPU
		{2657057E-34AE-42FB-895B-36AFE53800C8}.Release|Any CPU.ActiveCfg = Release|Any CPU
		{2657057E-34AE-42FB-895B-36AFE53800C8}.Release|Any CPU.Build.0 = Release|Any CPU
		{2657057E-34AE-42FB-895B-36AFE53800C8}.Release|x64.ActiveCfg = Release|Any CPU
		{2657057E-34AE-42FB-895B-36AFE53800C8}.Release|x64.Build.0 = Release|Any CPU
		{7F820FC7-0E6E-4CDE-B76B-00CAB8DA6026}.Debug|Any CPU.ActiveCfg = Debug|Any CPU
		{7F820FC7-0E6E-4CDE-B76B-00CAB8DA6026}.Debug|Any CPU.Build.0 = Debug|Any CPU
		{7F820FC7-0E6E-4CDE-B76B-00CAB8DA6026}.Debug|x64.ActiveCfg = Debug|Any CPU
		{7F820FC7-0E6E-4CDE-B76B-00CAB8DA6026}.Debug|x64.Build.0 = Debug|Any CPU
		{7F820FC7-0E6E-4CDE-B76B-00CAB8DA6026}.Release|Any CPU.ActiveCfg = Release|Any CPU
		{7F820FC7-0E6E-4CDE-B76B-00CAB8DA6026}.Release|Any CPU.Build.0 = Release|Any CPU
		{7F820FC7-0E6E-4CDE-B76B-00CAB8DA6026}.Release|x64.ActiveCfg = Release|Any CPU
		{7F820FC7-0E6E-4CDE-B76B-00CAB8DA6026}.Release|x64.Build.0 = Release|Any CPU
		{913353A3-E4BB-4F75-9D98-0325F5537991}.Debug|Any CPU.ActiveCfg = Debug|Any CPU
		{913353A3-E4BB-4F75-9D98-0325F5537991}.Debug|Any CPU.Build.0 = Debug|Any CPU
		{913353A3-E4BB-4F75-9D98-0325F5537991}.Debug|x64.ActiveCfg = Debug|Any CPU
		{913353A3-E4BB-4F75-9D98-0325F5537991}.Debug|x64.Build.0 = Debug|Any CPU
		{913353A3-E4BB-4F75-9D98-0325F5537991}.Release|Any CPU.ActiveCfg = Release|Any CPU
		{913353A3-E4BB-4F75-9D98-0325F5537991}.Release|Any CPU.Build.0 = Release|Any CPU
		{913353A3-E4BB-4F75-9D98-0325F5537991}.Release|x64.ActiveCfg = Release|Any CPU
		{913353A3-E4BB-4F75-9D98-0325F5537991}.Release|x64.Build.0 = Release|Any CPU
		{8952DE4C-2951-432E-8CA2-13206F54ADE0}.Debug|Any CPU.ActiveCfg = Debug|Any CPU
		{8952DE4C-2951-432E-8CA2-13206F54ADE0}.Debug|Any CPU.Build.0 = Debug|Any CPU
		{8952DE4C-2951-432E-8CA2-13206F54ADE0}.Debug|x64.ActiveCfg = Debug|Any CPU
		{8952DE4C-2951-432E-8CA2-13206F54ADE0}.Debug|x64.Build.0 = Debug|Any CPU
		{8952DE4C-2951-432E-8CA2-13206F54ADE0}.Release|Any CPU.ActiveCfg = Release|Any CPU
		{8952DE4C-2951-432E-8CA2-13206F54ADE0}.Release|Any CPU.Build.0 = Release|Any CPU
		{8952DE4C-2951-432E-8CA2-13206F54ADE0}.Release|x64.ActiveCfg = Release|Any CPU
		{8952DE4C-2951-432E-8CA2-13206F54ADE0}.Release|x64.Build.0 = Release|Any CPU
		{1802C433-9A73-40C4-A228-7218AC87B7D2}.Debug|Any CPU.ActiveCfg = Debug|Any CPU
		{1802C433-9A73-40C4-A228-7218AC87B7D2}.Debug|Any CPU.Build.0 = Debug|Any CPU
		{1802C433-9A73-40C4-A228-7218AC87B7D2}.Debug|x64.ActiveCfg = Debug|Any CPU
		{1802C433-9A73-40C4-A228-7218AC87B7D2}.Debug|x64.Build.0 = Debug|Any CPU
		{1802C433-9A73-40C4-A228-7218AC87B7D2}.Release|Any CPU.ActiveCfg = Release|Any CPU
		{1802C433-9A73-40C4-A228-7218AC87B7D2}.Release|Any CPU.Build.0 = Release|Any CPU
		{1802C433-9A73-40C4-A228-7218AC87B7D2}.Release|x64.ActiveCfg = Release|Any CPU
		{1802C433-9A73-40C4-A228-7218AC87B7D2}.Release|x64.Build.0 = Release|Any CPU
		{2AFC63F4-E0CE-476E-A288-1366EBD31C3C}.Debug|Any CPU.ActiveCfg = Debug|Any CPU
		{2AFC63F4-E0CE-476E-A288-1366EBD31C3C}.Debug|Any CPU.Build.0 = Debug|Any CPU
		{2AFC63F4-E0CE-476E-A288-1366EBD31C3C}.Debug|x64.ActiveCfg = Debug|Any CPU
		{2AFC63F4-E0CE-476E-A288-1366EBD31C3C}.Debug|x64.Build.0 = Debug|Any CPU
		{2AFC63F4-E0CE-476E-A288-1366EBD31C3C}.Release|Any CPU.ActiveCfg = Release|Any CPU
		{2AFC63F4-E0CE-476E-A288-1366EBD31C3C}.Release|Any CPU.Build.0 = Release|Any CPU
		{2AFC63F4-E0CE-476E-A288-1366EBD31C3C}.Release|x64.ActiveCfg = Release|Any CPU
		{2AFC63F4-E0CE-476E-A288-1366EBD31C3C}.Release|x64.Build.0 = Release|Any CPU
		{993366BD-9BD8-9C2F-1C16-1C8476058A23}.Debug|Any CPU.ActiveCfg = Debug|x64
		{993366BD-9BD8-9C2F-1C16-1C8476058A23}.Debug|Any CPU.Build.0 = Debug|x64
		{993366BD-9BD8-9C2F-1C16-1C8476058A23}.Debug|x64.ActiveCfg = Debug|x64
		{993366BD-9BD8-9C2F-1C16-1C8476058A23}.Debug|x64.Build.0 = Debug|x64
		{993366BD-9BD8-9C2F-1C16-1C8476058A23}.Release|Any CPU.ActiveCfg = Release|x64
		{993366BD-9BD8-9C2F-1C16-1C8476058A23}.Release|Any CPU.Build.0 = Release|x64
		{993366BD-9BD8-9C2F-1C16-1C8476058A23}.Release|x64.ActiveCfg = Release|x64
		{993366BD-9BD8-9C2F-1C16-1C8476058A23}.Release|x64.Build.0 = Release|x64
		{2B9205FE-33F3-1512-7B4F-2609D164A668}.Debug|Any CPU.ActiveCfg = Debug|x64
		{2B9205FE-33F3-1512-7B4F-2609D164A668}.Debug|Any CPU.Build.0 = Debug|x64
		{2B9205FE-33F3-1512-7B4F-2609D164A668}.Debug|x64.ActiveCfg = Debug|x64
		{2B9205FE-33F3-1512-7B4F-2609D164A668}.Debug|x64.Build.0 = Debug|x64
		{2B9205FE-33F3-1512-7B4F-2609D164A668}.Release|Any CPU.ActiveCfg = Release|x64
		{2B9205FE-33F3-1512-7B4F-2609D164A668}.Release|Any CPU.Build.0 = Release|x64
		{2B9205FE-33F3-1512-7B4F-2609D164A668}.Release|x64.ActiveCfg = Release|x64
		{2B9205FE-33F3-1512-7B4F-2609D164A668}.Release|x64.Build.0 = Release|x64
		{2D88CA68-79B6-365C-0492-6BFF9B044BA3}.Debug|Any CPU.ActiveCfg = Debug|x64
		{2D88CA68-79B6-365C-0492-6BFF9B044BA3}.Debug|Any CPU.Build.0 = Debug|x64
		{2D88CA68-79B6-365C-0492-6BFF9B044BA3}.Debug|x64.ActiveCfg = Debug|x64
		{2D88CA68-79B6-365C-0492-6BFF9B044BA3}.Debug|x64.Build.0 = Debug|x64
		{2D88CA68-79B6-365C-0492-6BFF9B044BA3}.Release|Any CPU.ActiveCfg = Release|x64
		{2D88CA68-79B6-365C-0492-6BFF9B044BA3}.Release|Any CPU.Build.0 = Release|x64
		{2D88CA68-79B6-365C-0492-6BFF9B044BA3}.Release|x64.ActiveCfg = Release|x64
		{2D88CA68-79B6-365C-0492-6BFF9B044BA3}.Release|x64.Build.0 = Release|x64
		{7C47DA70-51BE-4487-97BF-E33EEA15E5C1}.Debug|Any CPU.ActiveCfg = Debug|Any CPU
		{7C47DA70-51BE-4487-97BF-E33EEA15E5C1}.Debug|Any CPU.Build.0 = Debug|Any CPU
		{7C47DA70-51BE-4487-97BF-E33EEA15E5C1}.Debug|x64.ActiveCfg = Debug|Any CPU
		{7C47DA70-51BE-4487-97BF-E33EEA15E5C1}.Debug|x64.Build.0 = Debug|Any CPU
		{7C47DA70-51BE-4487-97BF-E33EEA15E5C1}.Release|Any CPU.ActiveCfg = Release|Any CPU
		{7C47DA70-51BE-4487-97BF-E33EEA15E5C1}.Release|Any CPU.Build.0 = Release|Any CPU
		{7C47DA70-51BE-4487-97BF-E33EEA15E5C1}.Release|x64.ActiveCfg = Release|Any CPU
		{7C47DA70-51BE-4487-97BF-E33EEA15E5C1}.Release|x64.Build.0 = Release|Any CPU
		{3335BFF2-59E5-BDC1-06E5-8A6F91A2AD3B}.Debug|Any CPU.ActiveCfg = Debug|Any CPU
		{3335BFF2-59E5-BDC1-06E5-8A6F91A2AD3B}.Debug|Any CPU.Build.0 = Debug|Any CPU
		{3335BFF2-59E5-BDC1-06E5-8A6F91A2AD3B}.Debug|x64.ActiveCfg = Debug|Any CPU
		{3335BFF2-59E5-BDC1-06E5-8A6F91A2AD3B}.Debug|x64.Build.0 = Debug|Any CPU
		{3335BFF2-59E5-BDC1-06E5-8A6F91A2AD3B}.Release|Any CPU.ActiveCfg = Release|Any CPU
		{3335BFF2-59E5-BDC1-06E5-8A6F91A2AD3B}.Release|Any CPU.Build.0 = Release|Any CPU
		{3335BFF2-59E5-BDC1-06E5-8A6F91A2AD3B}.Release|x64.ActiveCfg = Release|Any CPU
		{3335BFF2-59E5-BDC1-06E5-8A6F91A2AD3B}.Release|x64.Build.0 = Release|Any CPU
		{B164DF5B-6A89-426D-B82E-BD35BF342972}.Debug|Any CPU.ActiveCfg = Debug|Any CPU
		{B164DF5B-6A89-426D-B82E-BD35BF342972}.Debug|Any CPU.Build.0 = Debug|Any CPU
		{B164DF5B-6A89-426D-B82E-BD35BF342972}.Debug|x64.ActiveCfg = Debug|Any CPU
		{B164DF5B-6A89-426D-B82E-BD35BF342972}.Debug|x64.Build.0 = Debug|Any CPU
		{B164DF5B-6A89-426D-B82E-BD35BF342972}.Release|Any CPU.ActiveCfg = Release|Any CPU
		{B164DF5B-6A89-426D-B82E-BD35BF342972}.Release|Any CPU.Build.0 = Release|Any CPU
		{B164DF5B-6A89-426D-B82E-BD35BF342972}.Release|x64.ActiveCfg = Release|Any CPU
		{B164DF5B-6A89-426D-B82E-BD35BF342972}.Release|x64.Build.0 = Release|Any CPU
		{A0DBF403-7493-5B4A-86BC-52B5D68F24EF}.Debug|Any CPU.ActiveCfg = Debug|x64
		{A0DBF403-7493-5B4A-86BC-52B5D68F24EF}.Debug|Any CPU.Build.0 = Debug|x64
		{A0DBF403-7493-5B4A-86BC-52B5D68F24EF}.Debug|x64.ActiveCfg = Debug|x64
		{A0DBF403-7493-5B4A-86BC-52B5D68F24EF}.Debug|x64.Build.0 = Debug|x64
		{A0DBF403-7493-5B4A-86BC-52B5D68F24EF}.Release|Any CPU.ActiveCfg = Release|x64
		{A0DBF403-7493-5B4A-86BC-52B5D68F24EF}.Release|Any CPU.Build.0 = Release|x64
		{A0DBF403-7493-5B4A-86BC-52B5D68F24EF}.Release|x64.ActiveCfg = Release|x64
		{A0DBF403-7493-5B4A-86BC-52B5D68F24EF}.Release|x64.Build.0 = Release|x64
		{7A78B779-3099-E923-9E0E-232AB5368CED}.Debug|Any CPU.ActiveCfg = Debug|x64
		{7A78B779-3099-E923-9E0E-232AB5368CED}.Debug|Any CPU.Build.0 = Debug|x64
		{7A78B779-3099-E923-9E0E-232AB5368CED}.Debug|x64.ActiveCfg = Debug|x64
		{7A78B779-3099-E923-9E0E-232AB5368CED}.Debug|x64.Build.0 = Debug|x64
		{7A78B779-3099-E923-9E0E-232AB5368CED}.Release|Any CPU.ActiveCfg = Release|x64
		{7A78B779-3099-E923-9E0E-232AB5368CED}.Release|Any CPU.Build.0 = Release|x64
		{7A78B779-3099-E923-9E0E-232AB5368CED}.Release|x64.ActiveCfg = Release|x64
		{7A78B779-3099-E923-9E0E-232AB5368CED}.Release|x64.Build.0 = Release|x64
		{446662B6-0492-BDB2-884E-B0CFC2984B28}.Debug|Any CPU.ActiveCfg = Debug|x64
		{446662B6-0492-BDB2-884E-B0CFC2984B28}.Debug|Any CPU.Build.0 = Debug|x64
		{446662B6-0492-BDB2-884E-B0CFC2984B28}.Debug|x64.ActiveCfg = Debug|x64
		{446662B6-0492-BDB2-884E-B0CFC2984B28}.Debug|x64.Build.0 = Debug|x64
		{446662B6-0492-BDB2-884E-B0CFC2984B28}.Release|Any CPU.ActiveCfg = Release|x64
		{446662B6-0492-BDB2-884E-B0CFC2984B28}.Release|Any CPU.Build.0 = Release|x64
		{446662B6-0492-BDB2-884E-B0CFC2984B28}.Release|x64.ActiveCfg = Release|x64
		{446662B6-0492-BDB2-884E-B0CFC2984B28}.Release|x64.Build.0 = Release|x64
		{6F33B6B1-7E52-4E8E-AC3D-4A4DE555F9B5}.Debug|Any CPU.ActiveCfg = Debug|Any CPU
		{6F33B6B1-7E52-4E8E-AC3D-4A4DE555F9B5}.Debug|Any CPU.Build.0 = Debug|Any CPU
		{6F33B6B1-7E52-4E8E-AC3D-4A4DE555F9B5}.Debug|x64.ActiveCfg = Debug|Any CPU
		{6F33B6B1-7E52-4E8E-AC3D-4A4DE555F9B5}.Debug|x64.Build.0 = Debug|Any CPU
		{6F33B6B1-7E52-4E8E-AC3D-4A4DE555F9B5}.Release|Any CPU.ActiveCfg = Release|Any CPU
		{6F33B6B1-7E52-4E8E-AC3D-4A4DE555F9B5}.Release|Any CPU.Build.0 = Release|Any CPU
		{6F33B6B1-7E52-4E8E-AC3D-4A4DE555F9B5}.Release|x64.ActiveCfg = Release|Any CPU
		{6F33B6B1-7E52-4E8E-AC3D-4A4DE555F9B5}.Release|x64.Build.0 = Release|Any CPU
		{C9926320-AC5A-3D7F-7B63-E1D8C9F81794}.Debug|Any CPU.ActiveCfg = Debug|x64
		{C9926320-AC5A-3D7F-7B63-E1D8C9F81794}.Debug|Any CPU.Build.0 = Debug|x64
		{C9926320-AC5A-3D7F-7B63-E1D8C9F81794}.Debug|x64.ActiveCfg = Debug|x64
		{C9926320-AC5A-3D7F-7B63-E1D8C9F81794}.Debug|x64.Build.0 = Debug|x64
		{C9926320-AC5A-3D7F-7B63-E1D8C9F81794}.Release|Any CPU.ActiveCfg = Release|x64
		{C9926320-AC5A-3D7F-7B63-E1D8C9F81794}.Release|Any CPU.Build.0 = Release|x64
		{C9926320-AC5A-3D7F-7B63-E1D8C9F81794}.Release|x64.ActiveCfg = Release|x64
		{C9926320-AC5A-3D7F-7B63-E1D8C9F81794}.Release|x64.Build.0 = Release|x64
	EndGlobalSection
	GlobalSection(SolutionProperties) = preSolution
		HideSolutionNode = FALSE
	EndGlobalSection
	GlobalSection(ExtensibilityGlobals) = postSolution
		SolutionGuid = {A23ADA7F-4382-45A6-89EE-BB537C300A36}
	EndGlobalSection
EndGlobal
